
Microsoft Visual Studio Solution File, Format Version 12.00
# Visual Studio Version 17
VisualStudioVersion = 17.0.32126.317
MinimumVisualStudioVersion = 10.0.40219.1
Project("{FAE04EC0-301F-11D3-BF4B-00C04F79EFBC}") = "LineComparison", "LineComparison.csproj", "{9FDAF392-7C20-475B-81F8-C722E8F5FE29}"
EndProject
Global
	GlobalSection(SolutionConfigurationPlatforms) = preSolution
		Debug|Any CPU = Debug|Any CPU
		Release|Any CPU = Release|Any CPU
	EndGlobalSection
	GlobalSection(ProjectConfigurationPlatforms) = postSolution
		{9FDAF392-7C20-475B-81F8-C722E8F5FE29}.Debug|Any CPU.ActiveCfg = Debug|Any CPU
		{9FDAF392-7C20-475B-81F8-C722E8F5FE29}.Debug|Any CPU.Build.0 = Debug|Any CPU
		{9FDAF392-7C20-475B-81F8-C722E8F5FE29}.Release|Any CPU.ActiveCfg = Release|Any CPU
		{9FDAF392-7C20-475B-81F8-C722E8F5FE29}.Release|Any CPU.Build.0 = Release|Any CPU
	EndGlobalSection
	GlobalSection(SolutionProperties) = preSolution
		HideSolutionNode = FALSE
	EndGlobalSection
	GlobalSection(ExtensibilityGlobals) = postSolution
		SolutionGuid = {61F0DF9D-BC5F-4DE3-AFDE-F4CC5070FC5F}
	EndGlobalSection
EndGlobal
